Microsoft Visual Studio Solution File, Format Version 12.00
# Visual Studio Version 17
VisualStudioVersion = 17.5.2.0
MinimumVisualStudioVersion = 10.0.40219.1
Project("{2150E333-8FDC-42A3-9474-1A3956D46DE8}") = "SmartAccounting", "SmartAccounting", "{8273D6DF-58EC-558F-BEBA-588A61A0EF94}"
EndProject
Project("{FAE04EC0-301F-11D3-BF4B-00C04F79EFBC}") = "SmartAccountingTests", "SmartAccounting\SmartAccountingTests\SmartAccountingTests.csproj", "{E8F891A9-A875-FE6F-7E70-D5D70C2FF511}"
EndProject
Global
	GlobalSection(SolutionConfigurationPlatforms) = preSolution
		Debug|Any CPU = Debug|Any CPU
		Release|Any CPU = Release|Any CPU
	EndGlobalSection
	GlobalSection(ProjectConfigurationPlatforms) = postSolution
		{E8F891A9-A875-FE6F-7E70-D5D70C2FF511}.Debug|Any CPU.ActiveCfg = Debug|Any CPU
		{E8F891A9-A875-FE6F-7E70-D5D70C2FF511}.Debug|Any CPU.Build.0 = Debug|Any CPU
		{E8F891A9-A875-FE6F-7E70-D5D70C2FF511}.Release|Any CPU.ActiveCfg = Release|Any CPU
		{E8F891A9-A875-FE6F-7E70-D5D70C2FF511}.Release|Any CPU.Build.0 = Release|Any CPU
	EndGlobalSection
	GlobalSection(SolutionProperties) = preSolution
		HideSolutionNode = FALSE
	EndGlobalSection
	GlobalSection(NestedProjects) = preSolution
		{E8F891A9-A875-FE6F-7E70-D5D70C2FF511} = {8273D6DF-58EC-558F-BEBA-588A61A0EF94}
	EndGlobalSection
	GlobalSection(ExtensibilityGlobals) = postSolution
		SolutionGuid = {7B8A1566-5A33-471E-8C14-1B7EB296D88B}
	EndGlobalSection
EndGlobal
